
Microsoft Visual Studio Solution File, Format Version 12.00
# Visual Studio 2012
Project("{FAE04EC0-301F-11D3-BF4B-00C04F79EFBC}") = "DemoRestApi.Android", "DemoRestApi.Android\DemoRestApi.Android.csproj", "{78E956CE-971B-4722-9482-DA42134DC566}"
EndProject
Project("{FAE04EC0-301F-11D3-BF4B-00C04F79EFBC}") = "DemoRestApi.iOS", "DemoRestApi.iOS\DemoRestApi.iOS.csproj", "{8238AA3A-94AD-4C13-BDAD-6AE7822FBBC1}"
EndProject
Project("{FAE04EC0-301F-11D3-BF4B-00C04F79EFBC}") = "DemoRestApi.UITests", "DemoRestApi.UITests\DemoRestApi.UITests.csproj", "{B19C892E-2628-4CA7-AD27-08D406A3B14B}"
EndProject
Project("{FAE04EC0-301F-11D3-BF4B-00C04F79EFBC}") = "DemoRestApi", "DemoRestApi\DemoRestApi.csproj", "{38948D21-B623-4559-9ECE-A589FE894266}"
EndProject
Global
	GlobalSection(SolutionConfigurationPlatforms) = preSolution
		Debug|Any CPU = Debug|Any CPU
		Release|Any CPU = Release|Any CPU
		Debug|iPhoneSimulator = Debug|iPhoneSimulator
		Release|iPhoneSimulator = Release|iPhoneSimulator
		Debug|iPhone = Debug|iPhone
		Release|iPhone = Release|iPhone
		Ad-Hoc|iPhone = Ad-Hoc|iPhone
		AppStore|iPhone = AppStore|iPhone
	EndGlobalSection
	GlobalSection(ProjectConfigurationPlatforms) = postSolution
		{78E956CE-971B-4722-9482-DA42134DC566}.Debug|Any CPU.ActiveCfg = Debug|Any CPU
		{78E956CE-971B-4722-9482-DA42134DC566}.Debug|Any CPU.Build.0 = Debug|Any CPU
		{78E956CE-971B-4722-9482-DA42134DC566}.Release|Any CPU.ActiveCfg = Release|Any CPU
		{78E956CE-971B-4722-9482-DA42134DC566}.Release|Any CPU.Build.0 = Release|Any CPU
		{78E956CE-971B-4722-9482-DA42134DC566}.Debug|iPhoneSimulator.ActiveCfg = Debug|Any CPU
		{78E956CE-971B-4722-9482-DA42134DC566}.Debug|iPhoneSimulator.Build.0 = Debug|Any CPU
		{78E956CE-971B-4722-9482-DA42134DC566}.Release|iPhoneSimulator.ActiveCfg = Release|Any CPU
		{78E956CE-971B-4722-9482-DA42134DC566}.Release|iPhoneSimulator.Build.0 = Release|Any CPU
		{78E956CE-971B-4722-9482-DA42134DC566}.Debug|iPhone.ActiveCfg = Debug|Any CPU
		{78E956CE-971B-4722-9482-DA42134DC566}.Debug|iPhone.Build.0 = Debug|Any CPU
		{78E956CE-971B-4722-9482-DA42134DC566}.Release|iPhone.ActiveCfg = Release|Any CPU
		{78E956CE-971B-4722-9482-DA42134DC566}.Release|iPhone.Build.0 = Release|Any CPU
		{78E956CE-971B-4722-9482-DA42134DC566}.Ad-Hoc|iPhone.ActiveCfg = Debug|Any CPU
		{78E956CE-971B-4722-9482-DA42134DC566}.Ad-Hoc|iPhone.Build.0 = Debug|Any CPU
		{78E956CE-971B-4722-9482-DA42134DC566}.AppStore|iPhone.ActiveCfg = Debug|Any CPU
		{78E956CE-971B-4722-9482-DA42134DC566}.AppStore|iPhone.Build.0 = Debug|Any CPU
		{8238AA3A-94AD-4C13-BDAD-6AE7822FBBC1}.Debug|Any CPU.ActiveCfg = Debug|iPhoneSimulator
		{8238AA3A-94AD-4C13-BDAD-6AE7822FBBC1}.Debug|Any CPU.Build.0 = Debug|iPhoneSimulator
		{8238AA3A-94AD-4C13-BDAD-6AE7822FBBC1}.Release|Any CPU.ActiveCfg = Release|iPhoneSimulator
		{8238AA3A-94AD-4C13-BDAD-6AE7822FBBC1}.Release|Any CPU.Build.0 = Release|iPhoneSimulator
		{8238AA3A-94AD-4C13-BDAD-6AE7822FBBC1}.Debug|iPhoneSimulator.ActiveCfg = Debug|iPhoneSimulator
		{8238AA3A-94AD-4C13-BDAD-6AE7822FBBC1}.Debug|iPhoneSimulator.Build.0 = Debug|iPhoneSimulator
		{8238AA3A-94AD-4C13-BDAD-6AE7822FBBC1}.Release|iPhoneSimulator.ActiveCfg = Release|iPhoneSimulator
		{8238AA3A-94AD-4C13-BDAD-6AE7822FBBC1}.Release|iPhoneSimulator.Build.0 = Release|iPhoneSimulator
		{8238AA3A-94AD-4C13-BDAD-6AE7822FBBC1}.Debug|iPhone.ActiveCfg = Debug|iPhone
		{8238AA3A-94AD-4C13-BDAD-6AE7822FBBC1}.Debug|iPhone.Build.0 = Debug|iPhone
		{8238AA3A-94AD-4C13-BDAD-6AE7822FBBC1}.Release|iPhone.ActiveCfg = Release|iPhone
		{8238AA3A-94AD-4C13-BDAD-6AE7822FBBC1}.Release|iPhone.Build.0 = Release|iPhone
		{8238AA3A-94AD-4C13-BDAD-6AE7822FBBC1}.Ad-Hoc|iPhone.ActiveCfg = Ad-Hoc|iPhone
		{8238AA3A-94AD-4C13-BDAD-6AE7822FBBC1}.Ad-Hoc|iPhone.Build.0 = Ad-Hoc|iPhone
		{8238AA3A-94AD-4C13-BDAD-6AE7822FBBC1}.AppStore|iPhone.ActiveCfg = AppStore|iPhone
		{8238AA3A-94AD-4C13-BDAD-6AE7822FBBC1}.AppStore|iPhone.Build.0 = AppStore|iPhone
		{B19C892E-2628-4CA7-AD27-08D406A3B14B}.Debug|Any CPU.ActiveCfg = Debug|Any CPU
		{B19C892E-2628-4CA7-AD27-08D406A3B14B}.Debug|Any CPU.Build.0 = Debug|Any CPU
		{B19C892E-2628-4CA7-AD27-08D406A3B14B}.Release|Any CPU.ActiveCfg = Release|Any CPU
		{B19C892E-2628-4CA7-AD27-08D406A3B14B}.Release|Any CPU.Build.0 = Release|Any CPU
		{B19C892E-2628-4CA7-AD27-08D406A3B14B}.Debug|iPhoneSimulator.ActiveCfg = Debug|Any CPU
		{B19C892E-2628-4CA7-AD27-08D406A3B14B}.Debug|iPhoneSimulator.Build.0 = Debug|Any CPU
		{B19C892E-2628-4CA7-AD27-08D406A3B14B}.Release|iPhoneSimulator.ActiveCfg = Release|Any CPU
		{B19C892E-2628-4CA7-AD27-08D406A3B14B}.Release|iPhoneSimulator.Build.0 = Release|Any CPU
		{B19C892E-2628-4CA7-AD27-08D406A3B14B}.Debug|iPhone.ActiveCfg = Debug|Any CPU
		{B19C892E-2628-4CA7-AD27-08D406A3B14B}.Debug|iPhone.Build.0 = Debug|Any CPU
		{B19C892E-2628-4CA7-AD27-08D406A3B14B}.Release|iPhone.ActiveCfg = Release|Any CPU
		{B19C892E-2628-4CA7-AD27-08D406A3B14B}.Release|iPhone.Build.0 = Release|Any CPU
		{B19C892E-2628-4CA7-AD27-08D406A3B14B}.Ad-Hoc|iPhone.ActiveCfg = Debug|Any CPU
		{B19C892E-2628-4CA7-AD27-08D406A3B14B}.Ad-Hoc|iPhone.Build.0 = Debug|Any CPU
		{B19C892E-2628-4CA7-AD27-08D406A3B14B}.AppStore|iPhone.ActiveCfg = Debug|Any CPU
		{B19C892E-2628-4CA7-AD27-08D406A3B14B}.AppStore|iPhone.Build.0 = Debug|Any CPU
		{38948D21-B623-4559-9ECE-A589FE894266}.Debug|Any CPU.ActiveCfg = Debug|Any CPU
		{38948D21-B623-4559-9ECE-A589FE894266}.Debug|Any CPU.Build.0 = Debug|Any CPU
		{38948D21-B623-4559-9ECE-A589FE894266}.Release|Any CPU.ActiveCfg = Release|Any CPU
		{38948D21-B623-4559-9ECE-A589FE894266}.Release|Any CPU.Build.0 = Release|Any CPU
		{38948D21-B623-4559-9ECE-A589FE894266}.Debug|iPhoneSimulator.ActiveCfg = Debug|Any CPU
		{38948D21-B623-4559-9ECE-A589FE894266}.Debug|iPhoneSimulator.Build.0 = Debug|Any CPU
		{38948D21-B623-4559-9ECE-A589FE894266}.Release|iPhoneSimulator.ActiveCfg = Release|Any CPU
		{38948D21-B623-4559-9ECE-A589FE894266}.Release|iPhoneSimulator.Build.0 = Release|Any CPU
		{38948D21-B623-4559-9ECE-A589FE894266}.Debug|iPhone.ActiveCfg = Debug|Any CPU
		{38948D21-B623-4559-9ECE-A589FE894266}.Debug|iPhone.Build.0 = Debug|Any CPU
		{38948D21-B623-4559-9ECE-A589FE894266}.Release|iPhone.ActiveCfg = Release|Any CPU
		{38948D21-B623-4559-9ECE-A589FE894266}.Release|iPhone.Build.0 = Release|Any CPU
		{38948D21-B623-4559-9ECE-A589FE894266}.Ad-Hoc|iPhone.ActiveCfg = Debug|Any CPU
		{38948D21-B623-4559-9ECE-A589FE894266}.Ad-Hoc|iPhone.Build.0 = Debug|Any CPU
		{38948D21-B623-4559-9ECE-A589FE894266}.AppStore|iPhone.ActiveCfg = Debug|Any CPU
		{38948D21-B623-4559-9ECE-A589FE894266}.AppStore|iPhone.Build.0 = Debug|Any CPU
	EndGlobalSection
EndGlobal
