
Microsoft Visual Studio Solution File, Format Version 12.00
# Visual Studio 2012
Project("{FAE04EC0-301F-11D3-BF4B-00C04F79EFBC}") = "DemoCheckInternetConnectivity.Android", "DemoCheckInternetConnectivity.Android\DemoCheckInternetConnectivity.Android.csproj", "{373E7877-C202-4A2F-9BCD-D8197BEBA369}"
EndProject
Project("{FAE04EC0-301F-11D3-BF4B-00C04F79EFBC}") = "DemoCheckInternetConnectivity.iOS", "DemoCheckInternetConnectivity.iOS\DemoCheckInternetConnectivity.iOS.csproj", "{4BB500C4-D50E-4962-9D5F-89CBD236ED9C}"
EndProject
Project("{FAE04EC0-301F-11D3-BF4B-00C04F79EFBC}") = "DemoCheckInternetConnectivity.UITests", "DemoCheckInternetConnectivity.UITests\DemoCheckInternetConnectivity.UITests.csproj", "{B19C892E-2628-4CA7-AD27-08D406A3B14B}"
EndProject
Project("{FAE04EC0-301F-11D3-BF4B-00C04F79EFBC}") = "DemoCheckInternetConnectivity", "DemoCheckInternetConnectivity\DemoCheckInternetConnectivity.csproj", "{316FC9CF-18E0-44A6-A5D8-6901E9F6B5CD}"
EndProject
Global
	GlobalSection(SolutionConfigurationPlatforms) = preSolution
		Debug|Any CPU = Debug|Any CPU
		Release|Any CPU = Release|Any CPU
		Debug|iPhoneSimulator = Debug|iPhoneSimulator
		Release|iPhoneSimulator = Release|iPhoneSimulator
		Debug|iPhone = Debug|iPhone
		Release|iPhone = Release|iPhone
		Ad-Hoc|iPhone = Ad-Hoc|iPhone
		AppStore|iPhone = AppStore|iPhone
	EndGlobalSection
	GlobalSection(ProjectConfigurationPlatforms) = postSolution
		{373E7877-C202-4A2F-9BCD-D8197BEBA369}.Debug|Any CPU.ActiveCfg = Debug|Any CPU
		{373E7877-C202-4A2F-9BCD-D8197BEBA369}.Debug|Any CPU.Build.0 = Debug|Any CPU
		{373E7877-C202-4A2F-9BCD-D8197BEBA369}.Release|Any CPU.ActiveCfg = Release|Any CPU
		{373E7877-C202-4A2F-9BCD-D8197BEBA369}.Release|Any CPU.Build.0 = Release|Any CPU
		{373E7877-C202-4A2F-9BCD-D8197BEBA369}.Debug|iPhoneSimulator.ActiveCfg = Debug|Any CPU
		{373E7877-C202-4A2F-9BCD-D8197BEBA369}.Debug|iPhoneSimulator.Build.0 = Debug|Any CPU
		{373E7877-C202-4A2F-9BCD-D8197BEBA369}.Release|iPhoneSimulator.ActiveCfg = Release|Any CPU
		{373E7877-C202-4A2F-9BCD-D8197BEBA369}.Release|iPhoneSimulator.Build.0 = Release|Any CPU
		{373E7877-C202-4A2F-9BCD-D8197BEBA369}.Debug|iPhone.ActiveCfg = Debug|Any CPU
		{373E7877-C202-4A2F-9BCD-D8197BEBA369}.Debug|iPhone.Build.0 = Debug|Any CPU
		{373E7877-C202-4A2F-9BCD-D8197BEBA369}.Release|iPhone.ActiveCfg = Release|Any CPU
		{373E7877-C202-4A2F-9BCD-D8197BEBA369}.Release|iPhone.Build.0 = Release|Any CPU
		{373E7877-C202-4A2F-9BCD-D8197BEBA369}.Ad-Hoc|iPhone.ActiveCfg = Debug|Any CPU
		{373E7877-C202-4A2F-9BCD-D8197BEBA369}.Ad-Hoc|iPhone.Build.0 = Debug|Any CPU
		{373E7877-C202-4A2F-9BCD-D8197BEBA369}.AppStore|iPhone.ActiveCfg = Debug|Any CPU
		{373E7877-C202-4A2F-9BCD-D8197BEBA369}.AppStore|iPhone.Build.0 = Debug|Any CPU
		{4BB500C4-D50E-4962-9D5F-89CBD236ED9C}.Debug|Any CPU.ActiveCfg = Debug|iPhoneSimulator
		{4BB500C4-D50E-4962-9D5F-89CBD236ED9C}.Debug|Any CPU.Build.0 = Debug|iPhoneSimulator
		{4BB500C4-D50E-4962-9D5F-89CBD236ED9C}.Release|Any CPU.ActiveCfg = Release|iPhoneSimulator
		{4BB500C4-D50E-4962-9D5F-89CBD236ED9C}.Release|Any CPU.Build.0 = Release|iPhoneSimulator
		{4BB500C4-D50E-4962-9D5F-89CBD236ED9C}.Debug|iPhoneSimulator.ActiveCfg = Debug|iPhoneSimulator
		{4BB500C4-D50E-4962-9D5F-89CBD236ED9C}.Debug|iPhoneSimulator.Build.0 = Debug|iPhoneSimulator
		{4BB500C4-D50E-4962-9D5F-89CBD236ED9C}.Release|iPhoneSimulator.ActiveCfg = Release|iPhoneSimulator
		{4BB500C4-D50E-4962-9D5F-89CBD236ED9C}.Release|iPhoneSimulator.Build.0 = Release|iPhoneSimulator
		{4BB500C4-D50E-4962-9D5F-89CBD236ED9C}.Debug|iPhone.ActiveCfg = Debug|iPhone
		{4BB500C4-D50E-4962-9D5F-89CBD236ED9C}.Debug|iPhone.Build.0 = Debug|iPhone
		{4BB500C4-D50E-4962-9D5F-89CBD236ED9C}.Release|iPhone.ActiveCfg = Release|iPhone
		{4BB500C4-D50E-4962-9D5F-89CBD236ED9C}.Release|iPhone.Build.0 = Release|iPhone
		{4BB500C4-D50E-4962-9D5F-89CBD236ED9C}.Ad-Hoc|iPhone.ActiveCfg = Ad-Hoc|iPhone
		{4BB500C4-D50E-4962-9D5F-89CBD236ED9C}.Ad-Hoc|iPhone.Build.0 = Ad-Hoc|iPhone
		{4BB500C4-D50E-4962-9D5F-89CBD236ED9C}.AppStore|iPhone.ActiveCfg = AppStore|iPhone
		{4BB500C4-D50E-4962-9D5F-89CBD236ED9C}.AppStore|iPhone.Build.0 = AppStore|iPhone
		{B19C892E-2628-4CA7-AD27-08D406A3B14B}.Debug|Any CPU.ActiveCfg = Debug|Any CPU
		{B19C892E-2628-4CA7-AD27-08D406A3B14B}.Debug|Any CPU.Build.0 = Debug|Any CPU
		{B19C892E-2628-4CA7-AD27-08D406A3B14B}.Release|Any CPU.ActiveCfg = Release|Any CPU
		{B19C892E-2628-4CA7-AD27-08D406A3B14B}.Release|Any CPU.Build.0 = Release|Any CPU
		{B19C892E-2628-4CA7-AD27-08D406A3B14B}.Debug|iPhoneSimulator.ActiveCfg = Debug|Any CPU
		{B19C892E-2628-4CA7-AD27-08D406A3B14B}.Debug|iPhoneSimulator.Build.0 = Debug|Any CPU
		{B19C892E-2628-4CA7-AD27-08D406A3B14B}.Release|iPhoneSimulator.ActiveCfg = Release|Any CPU
		{B19C892E-2628-4CA7-AD27-08D406A3B14B}.Release|iPhoneSimulator.Build.0 = Release|Any CPU
		{B19C892E-2628-4CA7-AD27-08D406A3B14B}.Debug|iPhone.ActiveCfg = Debug|Any CPU
		{B19C892E-2628-4CA7-AD27-08D406A3B14B}.Debug|iPhone.Build.0 = Debug|Any CPU
		{B19C892E-2628-4CA7-AD27-08D406A3B14B}.Release|iPhone.ActiveCfg = Release|Any CPU
		{B19C892E-2628-4CA7-AD27-08D406A3B14B}.Release|iPhone.Build.0 = Release|Any CPU
		{B19C892E-2628-4CA7-AD27-08D406A3B14B}.Ad-Hoc|iPhone.ActiveCfg = Debug|Any CPU
		{B19C892E-2628-4CA7-AD27-08D406A3B14B}.Ad-Hoc|iPhone.Build.0 = Debug|Any CPU
		{B19C892E-2628-4CA7-AD27-08D406A3B14B}.AppStore|iPhone.ActiveCfg = Debug|Any CPU
		{B19C892E-2628-4CA7-AD27-08D406A3B14B}.AppStore|iPhone.Build.0 = Debug|Any CPU
		{316FC9CF-18E0-44A6-A5D8-6901E9F6B5CD}.Debug|Any CPU.ActiveCfg = Debug|Any CPU
		{316FC9CF-18E0-44A6-A5D8-6901E9F6B5CD}.Debug|Any CPU.Build.0 = Debug|Any CPU
		{316FC9CF-18E0-44A6-A5D8-6901E9F6B5CD}.Release|Any CPU.ActiveCfg = Release|Any CPU
		{316FC9CF-18E0-44A6-A5D8-6901E9F6B5CD}.Release|Any CPU.Build.0 = Release|Any CPU
		{316FC9CF-18E0-44A6-A5D8-6901E9F6B5CD}.Debug|iPhoneSimulator.ActiveCfg = Debug|Any CPU
		{316FC9CF-18E0-44A6-A5D8-6901E9F6B5CD}.Debug|iPhoneSimulator.Build.0 = Debug|Any CPU
		{316FC9CF-18E0-44A6-A5D8-6901E9F6B5CD}.Release|iPhoneSimulator.ActiveCfg = Release|Any CPU
		{316FC9CF-18E0-44A6-A5D8-6901E9F6B5CD}.Release|iPhoneSimulator.Build.0 = Release|Any CPU
		{316FC9CF-18E0-44A6-A5D8-6901E9F6B5CD}.Debug|iPhone.ActiveCfg = Debug|Any CPU
		{316FC9CF-18E0-44A6-A5D8-6901E9F6B5CD}.Debug|iPhone.Build.0 = Debug|Any CPU
		{316FC9CF-18E0-44A6-A5D8-6901E9F6B5CD}.Release|iPhone.ActiveCfg = Release|Any CPU
		{316FC9CF-18E0-44A6-A5D8-6901E9F6B5CD}.Release|iPhone.Build.0 = Release|Any CPU
		{316FC9CF-18E0-44A6-A5D8-6901E9F6B5CD}.Ad-Hoc|iPhone.ActiveCfg = Debug|Any CPU
		{316FC9CF-18E0-44A6-A5D8-6901E9F6B5CD}.Ad-Hoc|iPhone.Build.0 = Debug|Any CPU
		{316FC9CF-18E0-44A6-A5D8-6901E9F6B5CD}.AppStore|iPhone.ActiveCfg = Debug|Any CPU
		{316FC9CF-18E0-44A6-A5D8-6901E9F6B5CD}.AppStore|iPhone.Build.0 = Debug|Any CPU
	EndGlobalSection
EndGlobal
