
Microsoft Visual Studio Solution File, Format Version 12.00
# Visual Studio 2012
Project("{FAE04EC0-301F-11D3-BF4B-00C04F79EFBC}") = "DemoImage.Android", "DemoImage.Android\DemoImage.Android.csproj", "{B73516F4-83C4-407D-B2B3-C17F2E1BF2BC}"
EndProject
Project("{FAE04EC0-301F-11D3-BF4B-00C04F79EFBC}") = "DemoImage.iOS", "DemoImage.iOS\DemoImage.iOS.csproj", "{FB007D2F-52EC-45DE-85E9-074C873E4BF6}"
EndProject
Project("{FAE04EC0-301F-11D3-BF4B-00C04F79EFBC}") = "DemoImage.UITests", "DemoImage.UITests\DemoImage.UITests.csproj", "{B19C892E-2628-4CA7-AD27-08D406A3B14B}"
EndProject
Project("{FAE04EC0-301F-11D3-BF4B-00C04F79EFBC}") = "DemoImage", "DemoImage\DemoImage.csproj", "{D51F793F-0DFC-4721-8047-F4F5A9864FE5}"
EndProject
Global
	GlobalSection(SolutionConfigurationPlatforms) = preSolution
		Debug|Any CPU = Debug|Any CPU
		Release|Any CPU = Release|Any CPU
		Debug|iPhoneSimulator = Debug|iPhoneSimulator
		Release|iPhoneSimulator = Release|iPhoneSimulator
		Debug|iPhone = Debug|iPhone
		Release|iPhone = Release|iPhone
		Ad-Hoc|iPhone = Ad-Hoc|iPhone
		AppStore|iPhone = AppStore|iPhone
	EndGlobalSection
	GlobalSection(ProjectConfigurationPlatforms) = postSolution
		{B73516F4-83C4-407D-B2B3-C17F2E1BF2BC}.Debug|Any CPU.ActiveCfg = Debug|Any CPU
		{B73516F4-83C4-407D-B2B3-C17F2E1BF2BC}.Debug|Any CPU.Build.0 = Debug|Any CPU
		{B73516F4-83C4-407D-B2B3-C17F2E1BF2BC}.Release|Any CPU.ActiveCfg = Release|Any CPU
		{B73516F4-83C4-407D-B2B3-C17F2E1BF2BC}.Release|Any CPU.Build.0 = Release|Any CPU
		{B73516F4-83C4-407D-B2B3-C17F2E1BF2BC}.Debug|iPhoneSimulator.ActiveCfg = Debug|Any CPU
		{B73516F4-83C4-407D-B2B3-C17F2E1BF2BC}.Debug|iPhoneSimulator.Build.0 = Debug|Any CPU
		{B73516F4-83C4-407D-B2B3-C17F2E1BF2BC}.Release|iPhoneSimulator.ActiveCfg = Release|Any CPU
		{B73516F4-83C4-407D-B2B3-C17F2E1BF2BC}.Release|iPhoneSimulator.Build.0 = Release|Any CPU
		{B73516F4-83C4-407D-B2B3-C17F2E1BF2BC}.Debug|iPhone.ActiveCfg = Debug|Any CPU
		{B73516F4-83C4-407D-B2B3-C17F2E1BF2BC}.Debug|iPhone.Build.0 = Debug|Any CPU
		{B73516F4-83C4-407D-B2B3-C17F2E1BF2BC}.Release|iPhone.ActiveCfg = Release|Any CPU
		{B73516F4-83C4-407D-B2B3-C17F2E1BF2BC}.Release|iPhone.Build.0 = Release|Any CPU
		{B73516F4-83C4-407D-B2B3-C17F2E1BF2BC}.Ad-Hoc|iPhone.ActiveCfg = Debug|Any CPU
		{B73516F4-83C4-407D-B2B3-C17F2E1BF2BC}.Ad-Hoc|iPhone.Build.0 = Debug|Any CPU
		{B73516F4-83C4-407D-B2B3-C17F2E1BF2BC}.AppStore|iPhone.ActiveCfg = Debug|Any CPU
		{B73516F4-83C4-407D-B2B3-C17F2E1BF2BC}.AppStore|iPhone.Build.0 = Debug|Any CPU
		{FB007D2F-52EC-45DE-85E9-074C873E4BF6}.Debug|Any CPU.ActiveCfg = Debug|iPhoneSimulator
		{FB007D2F-52EC-45DE-85E9-074C873E4BF6}.Debug|Any CPU.Build.0 = Debug|iPhoneSimulator
		{FB007D2F-52EC-45DE-85E9-074C873E4BF6}.Release|Any CPU.ActiveCfg = Release|iPhoneSimulator
		{FB007D2F-52EC-45DE-85E9-074C873E4BF6}.Release|Any CPU.Build.0 = Release|iPhoneSimulator
		{FB007D2F-52EC-45DE-85E9-074C873E4BF6}.Debug|iPhoneSimulator.ActiveCfg = Debug|iPhoneSimulator
		{FB007D2F-52EC-45DE-85E9-074C873E4BF6}.Debug|iPhoneSimulator.Build.0 = Debug|iPhoneSimulator
		{FB007D2F-52EC-45DE-85E9-074C873E4BF6}.Release|iPhoneSimulator.ActiveCfg = Release|iPhoneSimulator
		{FB007D2F-52EC-45DE-85E9-074C873E4BF6}.Release|iPhoneSimulator.Build.0 = Release|iPhoneSimulator
		{FB007D2F-52EC-45DE-85E9-074C873E4BF6}.Debug|iPhone.ActiveCfg = Debug|iPhone
		{FB007D2F-52EC-45DE-85E9-074C873E4BF6}.Debug|iPhone.Build.0 = Debug|iPhone
		{FB007D2F-52EC-45DE-85E9-074C873E4BF6}.Release|iPhone.ActiveCfg = Release|iPhone
		{FB007D2F-52EC-45DE-85E9-074C873E4BF6}.Release|iPhone.Build.0 = Release|iPhone
		{FB007D2F-52EC-45DE-85E9-074C873E4BF6}.Ad-Hoc|iPhone.ActiveCfg = Ad-Hoc|iPhone
		{FB007D2F-52EC-45DE-85E9-074C873E4BF6}.Ad-Hoc|iPhone.Build.0 = Ad-Hoc|iPhone
		{FB007D2F-52EC-45DE-85E9-074C873E4BF6}.AppStore|iPhone.ActiveCfg = AppStore|iPhone
		{FB007D2F-52EC-45DE-85E9-074C873E4BF6}.AppStore|iPhone.Build.0 = AppStore|iPhone
		{B19C892E-2628-4CA7-AD27-08D406A3B14B}.Debug|Any CPU.ActiveCfg = Debug|Any CPU
		{B19C892E-2628-4CA7-AD27-08D406A3B14B}.Debug|Any CPU.Build.0 = Debug|Any CPU
		{B19C892E-2628-4CA7-AD27-08D406A3B14B}.Release|Any CPU.ActiveCfg = Release|Any CPU
		{B19C892E-2628-4CA7-AD27-08D406A3B14B}.Release|Any CPU.Build.0 = Release|Any CPU
		{B19C892E-2628-4CA7-AD27-08D406A3B14B}.Debug|iPhoneSimulator.ActiveCfg = Debug|Any CPU
		{B19C892E-2628-4CA7-AD27-08D406A3B14B}.Debug|iPhoneSimulator.Build.0 = Debug|Any CPU
		{B19C892E-2628-4CA7-AD27-08D406A3B14B}.Release|iPhoneSimulator.ActiveCfg = Release|Any CPU
		{B19C892E-2628-4CA7-AD27-08D406A3B14B}.Release|iPhoneSimulator.Build.0 = Release|Any CPU
		{B19C892E-2628-4CA7-AD27-08D406A3B14B}.Debug|iPhone.ActiveCfg = Debug|Any CPU
		{B19C892E-2628-4CA7-AD27-08D406A3B14B}.Debug|iPhone.Build.0 = Debug|Any CPU
		{B19C892E-2628-4CA7-AD27-08D406A3B14B}.Release|iPhone.ActiveCfg = Release|Any CPU
		{B19C892E-2628-4CA7-AD27-08D406A3B14B}.Release|iPhone.Build.0 = Release|Any CPU
		{B19C892E-2628-4CA7-AD27-08D406A3B14B}.Ad-Hoc|iPhone.ActiveCfg = Debug|Any CPU
		{B19C892E-2628-4CA7-AD27-08D406A3B14B}.Ad-Hoc|iPhone.Build.0 = Debug|Any CPU
		{B19C892E-2628-4CA7-AD27-08D406A3B14B}.AppStore|iPhone.ActiveCfg = Debug|Any CPU
		{B19C892E-2628-4CA7-AD27-08D406A3B14B}.AppStore|iPhone.Build.0 = Debug|Any CPU
		{D51F793F-0DFC-4721-8047-F4F5A9864FE5}.Debug|Any CPU.ActiveCfg = Debug|Any CPU
		{D51F793F-0DFC-4721-8047-F4F5A9864FE5}.Debug|Any CPU.Build.0 = Debug|Any CPU
		{D51F793F-0DFC-4721-8047-F4F5A9864FE5}.Release|Any CPU.ActiveCfg = Release|Any CPU
		{D51F793F-0DFC-4721-8047-F4F5A9864FE5}.Release|Any CPU.Build.0 = Release|Any CPU
		{D51F793F-0DFC-4721-8047-F4F5A9864FE5}.Debug|iPhoneSimulator.ActiveCfg = Debug|Any CPU
		{D51F793F-0DFC-4721-8047-F4F5A9864FE5}.Debug|iPhoneSimulator.Build.0 = Debug|Any CPU
		{D51F793F-0DFC-4721-8047-F4F5A9864FE5}.Release|iPhoneSimulator.ActiveCfg = Release|Any CPU
		{D51F793F-0DFC-4721-8047-F4F5A9864FE5}.Release|iPhoneSimulator.Build.0 = Release|Any CPU
		{D51F793F-0DFC-4721-8047-F4F5A9864FE5}.Debug|iPhone.ActiveCfg = Debug|Any CPU
		{D51F793F-0DFC-4721-8047-F4F5A9864FE5}.Debug|iPhone.Build.0 = Debug|Any CPU
		{D51F793F-0DFC-4721-8047-F4F5A9864FE5}.Release|iPhone.ActiveCfg = Release|Any CPU
		{D51F793F-0DFC-4721-8047-F4F5A9864FE5}.Release|iPhone.Build.0 = Release|Any CPU
		{D51F793F-0DFC-4721-8047-F4F5A9864FE5}.Ad-Hoc|iPhone.ActiveCfg = Debug|Any CPU
		{D51F793F-0DFC-4721-8047-F4F5A9864FE5}.Ad-Hoc|iPhone.Build.0 = Debug|Any CPU
		{D51F793F-0DFC-4721-8047-F4F5A9864FE5}.AppStore|iPhone.ActiveCfg = Debug|Any CPU
		{D51F793F-0DFC-4721-8047-F4F5A9864FE5}.AppStore|iPhone.Build.0 = Debug|Any CPU
	EndGlobalSection
EndGlobal
