
Microsoft Visual Studio Solution File, Format Version 12.00
# Visual Studio 2012
Project("{FAE04EC0-301F-11D3-BF4B-00C04F79EFBC}") = "DemoSeekBarSlider.Android", "DemoSeekBarSlider.Android\DemoSeekBarSlider.Android.csproj", "{D34C605C-125E-4C1D-B420-8CE6D7912141}"
EndProject
Project("{FAE04EC0-301F-11D3-BF4B-00C04F79EFBC}") = "DemoSeekBarSlider.iOS", "DemoSeekBarSlider.iOS\DemoSeekBarSlider.iOS.csproj", "{93B9D715-26E1-4A78-915B-0C0FBB31E540}"
EndProject
Project("{FAE04EC0-301F-11D3-BF4B-00C04F79EFBC}") = "DemoSeekBarSlider.UITests", "DemoSeekBarSlider.UITests\DemoSeekBarSlider.UITests.csproj", "{B19C892E-2628-4CA7-AD27-08D406A3B14B}"
EndProject
Project("{FAE04EC0-301F-11D3-BF4B-00C04F79EFBC}") = "DemoSeekBarSlider", "DemoSeekBarSlider\DemoSeekBarSlider.csproj", "{5B5D2438-4894-4855-9202-BFF5CA8FE3A7}"
EndProject
Global
	GlobalSection(SolutionConfigurationPlatforms) = preSolution
		Debug|Any CPU = Debug|Any CPU
		Release|Any CPU = Release|Any CPU
		Debug|iPhoneSimulator = Debug|iPhoneSimulator
		Release|iPhoneSimulator = Release|iPhoneSimulator
		Debug|iPhone = Debug|iPhone
		Release|iPhone = Release|iPhone
		Ad-Hoc|iPhone = Ad-Hoc|iPhone
		AppStore|iPhone = AppStore|iPhone
	EndGlobalSection
	GlobalSection(ProjectConfigurationPlatforms) = postSolution
		{D34C605C-125E-4C1D-B420-8CE6D7912141}.Debug|Any CPU.ActiveCfg = Debug|Any CPU
		{D34C605C-125E-4C1D-B420-8CE6D7912141}.Debug|Any CPU.Build.0 = Debug|Any CPU
		{D34C605C-125E-4C1D-B420-8CE6D7912141}.Release|Any CPU.ActiveCfg = Release|Any CPU
		{D34C605C-125E-4C1D-B420-8CE6D7912141}.Release|Any CPU.Build.0 = Release|Any CPU
		{D34C605C-125E-4C1D-B420-8CE6D7912141}.Debug|iPhoneSimulator.ActiveCfg = Debug|Any CPU
		{D34C605C-125E-4C1D-B420-8CE6D7912141}.Debug|iPhoneSimulator.Build.0 = Debug|Any CPU
		{D34C605C-125E-4C1D-B420-8CE6D7912141}.Release|iPhoneSimulator.ActiveCfg = Release|Any CPU
		{D34C605C-125E-4C1D-B420-8CE6D7912141}.Release|iPhoneSimulator.Build.0 = Release|Any CPU
		{D34C605C-125E-4C1D-B420-8CE6D7912141}.Debug|iPhone.ActiveCfg = Debug|Any CPU
		{D34C605C-125E-4C1D-B420-8CE6D7912141}.Debug|iPhone.Build.0 = Debug|Any CPU
		{D34C605C-125E-4C1D-B420-8CE6D7912141}.Release|iPhone.ActiveCfg = Release|Any CPU
		{D34C605C-125E-4C1D-B420-8CE6D7912141}.Release|iPhone.Build.0 = Release|Any CPU
		{D34C605C-125E-4C1D-B420-8CE6D7912141}.Ad-Hoc|iPhone.ActiveCfg = Debug|Any CPU
		{D34C605C-125E-4C1D-B420-8CE6D7912141}.Ad-Hoc|iPhone.Build.0 = Debug|Any CPU
		{D34C605C-125E-4C1D-B420-8CE6D7912141}.AppStore|iPhone.ActiveCfg = Debug|Any CPU
		{D34C605C-125E-4C1D-B420-8CE6D7912141}.AppStore|iPhone.Build.0 = Debug|Any CPU
		{93B9D715-26E1-4A78-915B-0C0FBB31E540}.Debug|Any CPU.ActiveCfg = Debug|iPhoneSimulator
		{93B9D715-26E1-4A78-915B-0C0FBB31E540}.Debug|Any CPU.Build.0 = Debug|iPhoneSimulator
		{93B9D715-26E1-4A78-915B-0C0FBB31E540}.Release|Any CPU.ActiveCfg = Release|iPhoneSimulator
		{93B9D715-26E1-4A78-915B-0C0FBB31E540}.Release|Any CPU.Build.0 = Release|iPhoneSimulator
		{93B9D715-26E1-4A78-915B-0C0FBB31E540}.Debug|iPhoneSimulator.ActiveCfg = Debug|iPhoneSimulator
		{93B9D715-26E1-4A78-915B-0C0FBB31E540}.Debug|iPhoneSimulator.Build.0 = Debug|iPhoneSimulator
		{93B9D715-26E1-4A78-915B-0C0FBB31E540}.Release|iPhoneSimulator.ActiveCfg = Release|iPhoneSimulator
		{93B9D715-26E1-4A78-915B-0C0FBB31E540}.Release|iPhoneSimulator.Build.0 = Release|iPhoneSimulator
		{93B9D715-26E1-4A78-915B-0C0FBB31E540}.Debug|iPhone.ActiveCfg = Debug|iPhone
		{93B9D715-26E1-4A78-915B-0C0FBB31E540}.Debug|iPhone.Build.0 = Debug|iPhone
		{93B9D715-26E1-4A78-915B-0C0FBB31E540}.Release|iPhone.ActiveCfg = Release|iPhone
		{93B9D715-26E1-4A78-915B-0C0FBB31E540}.Release|iPhone.Build.0 = Release|iPhone
		{93B9D715-26E1-4A78-915B-0C0FBB31E540}.Ad-Hoc|iPhone.ActiveCfg = Ad-Hoc|iPhone
		{93B9D715-26E1-4A78-915B-0C0FBB31E540}.Ad-Hoc|iPhone.Build.0 = Ad-Hoc|iPhone
		{93B9D715-26E1-4A78-915B-0C0FBB31E540}.AppStore|iPhone.ActiveCfg = AppStore|iPhone
		{93B9D715-26E1-4A78-915B-0C0FBB31E540}.AppStore|iPhone.Build.0 = AppStore|iPhone
		{B19C892E-2628-4CA7-AD27-08D406A3B14B}.Debug|Any CPU.ActiveCfg = Debug|Any CPU
		{B19C892E-2628-4CA7-AD27-08D406A3B14B}.Debug|Any CPU.Build.0 = Debug|Any CPU
		{B19C892E-2628-4CA7-AD27-08D406A3B14B}.Release|Any CPU.ActiveCfg = Release|Any CPU
		{B19C892E-2628-4CA7-AD27-08D406A3B14B}.Release|Any CPU.Build.0 = Release|Any CPU
		{B19C892E-2628-4CA7-AD27-08D406A3B14B}.Debug|iPhoneSimulator.ActiveCfg = Debug|Any CPU
		{B19C892E-2628-4CA7-AD27-08D406A3B14B}.Debug|iPhoneSimulator.Build.0 = Debug|Any CPU
		{B19C892E-2628-4CA7-AD27-08D406A3B14B}.Release|iPhoneSimulator.ActiveCfg = Release|Any CPU
		{B19C892E-2628-4CA7-AD27-08D406A3B14B}.Release|iPhoneSimulator.Build.0 = Release|Any CPU
		{B19C892E-2628-4CA7-AD27-08D406A3B14B}.Debug|iPhone.ActiveCfg = Debug|Any CPU
		{B19C892E-2628-4CA7-AD27-08D406A3B14B}.Debug|iPhone.Build.0 = Debug|Any CPU
		{B19C892E-2628-4CA7-AD27-08D406A3B14B}.Release|iPhone.ActiveCfg = Release|Any CPU
		{B19C892E-2628-4CA7-AD27-08D406A3B14B}.Release|iPhone.Build.0 = Release|Any CPU
		{B19C892E-2628-4CA7-AD27-08D406A3B14B}.Ad-Hoc|iPhone.ActiveCfg = Debug|Any CPU
		{B19C892E-2628-4CA7-AD27-08D406A3B14B}.Ad-Hoc|iPhone.Build.0 = Debug|Any CPU
		{B19C892E-2628-4CA7-AD27-08D406A3B14B}.AppStore|iPhone.ActiveCfg = Debug|Any CPU
		{B19C892E-2628-4CA7-AD27-08D406A3B14B}.AppStore|iPhone.Build.0 = Debug|Any CPU
		{5B5D2438-4894-4855-9202-BFF5CA8FE3A7}.Debug|Any CPU.ActiveCfg = Debug|Any CPU
		{5B5D2438-4894-4855-9202-BFF5CA8FE3A7}.Debug|Any CPU.Build.0 = Debug|Any CPU
		{5B5D2438-4894-4855-9202-BFF5CA8FE3A7}.Release|Any CPU.ActiveCfg = Release|Any CPU
		{5B5D2438-4894-4855-9202-BFF5CA8FE3A7}.Release|Any CPU.Build.0 = Release|Any CPU
		{5B5D2438-4894-4855-9202-BFF5CA8FE3A7}.Debug|iPhoneSimulator.ActiveCfg = Debug|Any CPU
		{5B5D2438-4894-4855-9202-BFF5CA8FE3A7}.Debug|iPhoneSimulator.Build.0 = Debug|Any CPU
		{5B5D2438-4894-4855-9202-BFF5CA8FE3A7}.Release|iPhoneSimulator.ActiveCfg = Release|Any CPU
		{5B5D2438-4894-4855-9202-BFF5CA8FE3A7}.Release|iPhoneSimulator.Build.0 = Release|Any CPU
		{5B5D2438-4894-4855-9202-BFF5CA8FE3A7}.Debug|iPhone.ActiveCfg = Debug|Any CPU
		{5B5D2438-4894-4855-9202-BFF5CA8FE3A7}.Debug|iPhone.Build.0 = Debug|Any CPU
		{5B5D2438-4894-4855-9202-BFF5CA8FE3A7}.Release|iPhone.ActiveCfg = Release|Any CPU
		{5B5D2438-4894-4855-9202-BFF5CA8FE3A7}.Release|iPhone.Build.0 = Release|Any CPU
		{5B5D2438-4894-4855-9202-BFF5CA8FE3A7}.Ad-Hoc|iPhone.ActiveCfg = Debug|Any CPU
		{5B5D2438-4894-4855-9202-BFF5CA8FE3A7}.Ad-Hoc|iPhone.Build.0 = Debug|Any CPU
		{5B5D2438-4894-4855-9202-BFF5CA8FE3A7}.AppStore|iPhone.ActiveCfg = Debug|Any CPU
		{5B5D2438-4894-4855-9202-BFF5CA8FE3A7}.AppStore|iPhone.Build.0 = Debug|Any CPU
	EndGlobalSection
EndGlobal
