
Microsoft Visual Studio Solution File, Format Version 12.00
# Visual Studio 2012
Project("{FAE04EC0-301F-11D3-BF4B-00C04F79EFBC}") = "DemoTest.Android", "DemoTest.Android\DemoTest.Android.csproj", "{EB2328EA-3AFB-4689-9287-CCA1148AA3B6}"
EndProject
Project("{FAE04EC0-301F-11D3-BF4B-00C04F79EFBC}") = "DemoTest.iOS", "DemoTest.iOS\DemoTest.iOS.csproj", "{50582087-1741-42A7-85E9-4007BBF66ECB}"
EndProject
Project("{FAE04EC0-301F-11D3-BF4B-00C04F79EFBC}") = "DemoTest.UITests", "DemoTest.UITests\DemoTest.UITests.csproj", "{B19C892E-2628-4CA7-AD27-08D406A3B14B}"
EndProject
Project("{FAE04EC0-301F-11D3-BF4B-00C04F79EFBC}") = "DemoTest", "DemoTest\DemoTest.csproj", "{73E128A3-30A9-466E-90D2-00F4BD243746}"
EndProject
Global
	GlobalSection(SolutionConfigurationPlatforms) = preSolution
		Debug|Any CPU = Debug|Any CPU
		Release|Any CPU = Release|Any CPU
		Debug|iPhoneSimulator = Debug|iPhoneSimulator
		Release|iPhoneSimulator = Release|iPhoneSimulator
		Debug|iPhone = Debug|iPhone
		Release|iPhone = Release|iPhone
		Ad-Hoc|iPhone = Ad-Hoc|iPhone
		AppStore|iPhone = AppStore|iPhone
	EndGlobalSection
	GlobalSection(ProjectConfigurationPlatforms) = postSolution
		{EB2328EA-3AFB-4689-9287-CCA1148AA3B6}.Debug|Any CPU.ActiveCfg = Debug|Any CPU
		{EB2328EA-3AFB-4689-9287-CCA1148AA3B6}.Debug|Any CPU.Build.0 = Debug|Any CPU
		{EB2328EA-3AFB-4689-9287-CCA1148AA3B6}.Release|Any CPU.ActiveCfg = Release|Any CPU
		{EB2328EA-3AFB-4689-9287-CCA1148AA3B6}.Release|Any CPU.Build.0 = Release|Any CPU
		{EB2328EA-3AFB-4689-9287-CCA1148AA3B6}.Debug|iPhoneSimulator.ActiveCfg = Debug|Any CPU
		{EB2328EA-3AFB-4689-9287-CCA1148AA3B6}.Debug|iPhoneSimulator.Build.0 = Debug|Any CPU
		{EB2328EA-3AFB-4689-9287-CCA1148AA3B6}.Release|iPhoneSimulator.ActiveCfg = Release|Any CPU
		{EB2328EA-3AFB-4689-9287-CCA1148AA3B6}.Release|iPhoneSimulator.Build.0 = Release|Any CPU
		{EB2328EA-3AFB-4689-9287-CCA1148AA3B6}.Debug|iPhone.ActiveCfg = Debug|Any CPU
		{EB2328EA-3AFB-4689-9287-CCA1148AA3B6}.Debug|iPhone.Build.0 = Debug|Any CPU
		{EB2328EA-3AFB-4689-9287-CCA1148AA3B6}.Release|iPhone.ActiveCfg = Release|Any CPU
		{EB2328EA-3AFB-4689-9287-CCA1148AA3B6}.Release|iPhone.Build.0 = Release|Any CPU
		{EB2328EA-3AFB-4689-9287-CCA1148AA3B6}.Ad-Hoc|iPhone.ActiveCfg = Debug|Any CPU
		{EB2328EA-3AFB-4689-9287-CCA1148AA3B6}.Ad-Hoc|iPhone.Build.0 = Debug|Any CPU
		{EB2328EA-3AFB-4689-9287-CCA1148AA3B6}.AppStore|iPhone.ActiveCfg = Debug|Any CPU
		{EB2328EA-3AFB-4689-9287-CCA1148AA3B6}.AppStore|iPhone.Build.0 = Debug|Any CPU
		{50582087-1741-42A7-85E9-4007BBF66ECB}.Debug|Any CPU.ActiveCfg = Debug|iPhoneSimulator
		{50582087-1741-42A7-85E9-4007BBF66ECB}.Debug|Any CPU.Build.0 = Debug|iPhoneSimulator
		{50582087-1741-42A7-85E9-4007BBF66ECB}.Release|Any CPU.ActiveCfg = Release|iPhoneSimulator
		{50582087-1741-42A7-85E9-4007BBF66ECB}.Release|Any CPU.Build.0 = Release|iPhoneSimulator
		{50582087-1741-42A7-85E9-4007BBF66ECB}.Debug|iPhoneSimulator.ActiveCfg = Debug|iPhoneSimulator
		{50582087-1741-42A7-85E9-4007BBF66ECB}.Debug|iPhoneSimulator.Build.0 = Debug|iPhoneSimulator
		{50582087-1741-42A7-85E9-4007BBF66ECB}.Release|iPhoneSimulator.ActiveCfg = Release|iPhoneSimulator
		{50582087-1741-42A7-85E9-4007BBF66ECB}.Release|iPhoneSimulator.Build.0 = Release|iPhoneSimulator
		{50582087-1741-42A7-85E9-4007BBF66ECB}.Debug|iPhone.ActiveCfg = Debug|iPhone
		{50582087-1741-42A7-85E9-4007BBF66ECB}.Debug|iPhone.Build.0 = Debug|iPhone
		{50582087-1741-42A7-85E9-4007BBF66ECB}.Release|iPhone.ActiveCfg = Release|iPhone
		{50582087-1741-42A7-85E9-4007BBF66ECB}.Release|iPhone.Build.0 = Release|iPhone
		{50582087-1741-42A7-85E9-4007BBF66ECB}.Ad-Hoc|iPhone.ActiveCfg = Ad-Hoc|iPhone
		{50582087-1741-42A7-85E9-4007BBF66ECB}.Ad-Hoc|iPhone.Build.0 = Ad-Hoc|iPhone
		{50582087-1741-42A7-85E9-4007BBF66ECB}.AppStore|iPhone.ActiveCfg = AppStore|iPhone
		{50582087-1741-42A7-85E9-4007BBF66ECB}.AppStore|iPhone.Build.0 = AppStore|iPhone
		{B19C892E-2628-4CA7-AD27-08D406A3B14B}.Debug|Any CPU.ActiveCfg = Debug|Any CPU
		{B19C892E-2628-4CA7-AD27-08D406A3B14B}.Debug|Any CPU.Build.0 = Debug|Any CPU
		{B19C892E-2628-4CA7-AD27-08D406A3B14B}.Release|Any CPU.ActiveCfg = Release|Any CPU
		{B19C892E-2628-4CA7-AD27-08D406A3B14B}.Release|Any CPU.Build.0 = Release|Any CPU
		{B19C892E-2628-4CA7-AD27-08D406A3B14B}.Debug|iPhoneSimulator.ActiveCfg = Debug|Any CPU
		{B19C892E-2628-4CA7-AD27-08D406A3B14B}.Debug|iPhoneSimulator.Build.0 = Debug|Any CPU
		{B19C892E-2628-4CA7-AD27-08D406A3B14B}.Release|iPhoneSimulator.ActiveCfg = Release|Any CPU
		{B19C892E-2628-4CA7-AD27-08D406A3B14B}.Release|iPhoneSimulator.Build.0 = Release|Any CPU
		{B19C892E-2628-4CA7-AD27-08D406A3B14B}.Debug|iPhone.ActiveCfg = Debug|Any CPU
		{B19C892E-2628-4CA7-AD27-08D406A3B14B}.Debug|iPhone.Build.0 = Debug|Any CPU
		{B19C892E-2628-4CA7-AD27-08D406A3B14B}.Release|iPhone.ActiveCfg = Release|Any CPU
		{B19C892E-2628-4CA7-AD27-08D406A3B14B}.Release|iPhone.Build.0 = Release|Any CPU
		{B19C892E-2628-4CA7-AD27-08D406A3B14B}.Ad-Hoc|iPhone.ActiveCfg = Debug|Any CPU
		{B19C892E-2628-4CA7-AD27-08D406A3B14B}.Ad-Hoc|iPhone.Build.0 = Debug|Any CPU
		{B19C892E-2628-4CA7-AD27-08D406A3B14B}.AppStore|iPhone.ActiveCfg = Debug|Any CPU
		{B19C892E-2628-4CA7-AD27-08D406A3B14B}.AppStore|iPhone.Build.0 = Debug|Any CPU
		{73E128A3-30A9-466E-90D2-00F4BD243746}.Debug|Any CPU.ActiveCfg = Debug|Any CPU
		{73E128A3-30A9-466E-90D2-00F4BD243746}.Debug|Any CPU.Build.0 = Debug|Any CPU
		{73E128A3-30A9-466E-90D2-00F4BD243746}.Release|Any CPU.ActiveCfg = Release|Any CPU
		{73E128A3-30A9-466E-90D2-00F4BD243746}.Release|Any CPU.Build.0 = Release|Any CPU
		{73E128A3-30A9-466E-90D2-00F4BD243746}.Debug|iPhoneSimulator.ActiveCfg = Debug|Any CPU
		{73E128A3-30A9-466E-90D2-00F4BD243746}.Debug|iPhoneSimulator.Build.0 = Debug|Any CPU
		{73E128A3-30A9-466E-90D2-00F4BD243746}.Release|iPhoneSimulator.ActiveCfg = Release|Any CPU
		{73E128A3-30A9-466E-90D2-00F4BD243746}.Release|iPhoneSimulator.Build.0 = Release|Any CPU
		{73E128A3-30A9-466E-90D2-00F4BD243746}.Debug|iPhone.ActiveCfg = Debug|Any CPU
		{73E128A3-30A9-466E-90D2-00F4BD243746}.Debug|iPhone.Build.0 = Debug|Any CPU
		{73E128A3-30A9-466E-90D2-00F4BD243746}.Release|iPhone.ActiveCfg = Release|Any CPU
		{73E128A3-30A9-466E-90D2-00F4BD243746}.Release|iPhone.Build.0 = Release|Any CPU
		{73E128A3-30A9-466E-90D2-00F4BD243746}.Ad-Hoc|iPhone.ActiveCfg = Debug|Any CPU
		{73E128A3-30A9-466E-90D2-00F4BD243746}.Ad-Hoc|iPhone.Build.0 = Debug|Any CPU
		{73E128A3-30A9-466E-90D2-00F4BD243746}.AppStore|iPhone.ActiveCfg = Debug|Any CPU
		{73E128A3-30A9-466E-90D2-00F4BD243746}.AppStore|iPhone.Build.0 = Debug|Any CPU
	EndGlobalSection
EndGlobal
